// !$*UTF8*$!
{
	archiveVersion = 1;
	classes = {
	};
	objectVersion = 46;
	objects = {

/* Begin PBXBuildFile section */
		5B477B1166D14E60952156B1 /* libPods-DianJin.a in Frameworks */ = {isa = PBXBuildFile; fileRef = 270BA583725144BB9BF2DC96 /* libPods-DianJin.a */; };
		FB20A8A8195C0FF900129C07 /* GetShopsOperation.m in Sources */ = {isa = PBXBuildFile; fileRef = FB20A8A7195C0FF900129C07 /* GetShopsOperation.m */; };
		FB20A8AF195C134900129C07 /* BaseResponse.m in Sources */ = {isa = PBXBuildFile; fileRef = FB20A8AE195C134900129C07 /* BaseResponse.m */; };
		FB20A8B2195C14A300129C07 /* HomePageShops.m in Sources */ = {isa = PBXBuildFile; fileRef = FB20A8B1195C14A300129C07 /* HomePageShops.m */; };
		FB20A8B5195C14C700129C07 /* Shop.m in Sources */ = {isa = PBXBuildFile; fileRef = FB20A8B4195C14C700129C07 /* Shop.m */; };
		FB20A8B8195C17CF00129C07 /* DJOperation.m in Sources */ = {isa = PBXBuildFile; fileRef = FB20A8B7195C17CF00129C07 /* DJOperation.m */; };
		FB20A8BB195C1A1B00129C07 /* JDJsonDecoder.m in Sources */ = {isa = PBXBuildFile; fileRef = FB20A8BA195C1A1B00129C07 /* JDJsonDecoder.m */; };
		FB20A8CA195D5B7C00129C07 /* NSDictionary+QueryStringBuilder.m in Sources */ = {isa = PBXBuildFile; fileRef = FB20A8C9195D5B7C00129C07 /* NSDictionary+QueryStringBuilder.m */; };
		FB20A8CD195D8A7200129C07 /* GetNearbyShopsOperation.m in Sources */ = {isa = PBXBuildFile; fileRef = FB20A8CC195D8A7200129C07 /* GetNearbyShopsOperation.m */; };
		FB20A8D0195D8FB300129C07 /* NearbyShops.m in Sources */ = {isa = PBXBuildFile; fileRef = FB20A8CF195D8FB300129C07 /* NearbyShops.m */; };
		FB20A8D3195E86E600129C07 /* Trade.m in Sources */ = {isa = PBXBuildFile; fileRef = FB20A8D2195E86E600129C07 /* Trade.m */; };
		FB20A8D6195E875400129C07 /* AllTrades.m in Sources */ = {isa = PBXBuildFile; fileRef = FB20A8D5195E875400129C07 /* AllTrades.m */; };
		FB20A8D9195E880C00129C07 /* GetAllTradesOperation.m in Sources */ = {isa = PBXBuildFile; fileRef = FB20A8D8195E880C00129C07 /* GetAllTradesOperation.m */; };
		FB9B26FB1939B43800A02565 /* Foundation.framework in Frameworks */ = {isa = PBXBuildFile; fileRef = FB9B26FA1939B43800A02565 /* Foundation.framework */; };
		FB9B26FD1939B43800A02565 /* CoreGraphics.framework in Frameworks */ = {isa = PBXBuildFile; fileRef = FB9B26FC1939B43800A02565 /* CoreGraphics.framework */; };
		FB9B26FF1939B43800A02565 /* UIKit.framework in Frameworks */ = {isa = PBXBuildFile; fileRef = FB9B26FE1939B43800A02565 /* UIKit.framework */; };
		FB9B27051939B43800A02565 /* InfoPlist.strings in Resources */ = {isa = PBXBuildFile; fileRef = FB9B27031939B43800A02565 /* InfoPlist.strings */; };
		FB9B27071939B43800A02565 /* main.m in Sources */ = {isa = PBXBuildFile; fileRef = FB9B27061939B43800A02565 /* main.m */; };
		FB9B270B1939B43800A02565 /* AppDelegate.m in Sources */ = {isa = PBXBuildFile; fileRef = FB9B270A1939B43800A02565 /* AppDelegate.m */; };
		FB9B270E1939B43800A02565 /* Main.storyboard in Resources */ = {isa = PBXBuildFile; fileRef = FB9B270C1939B43800A02565 /* Main.storyboard */; };
		FB9B27111939B43800A02565 /* ViewController.m in Sources */ = {isa = PBXBuildFile; fileRef = FB9B27101939B43800A02565 /* ViewController.m */; };
		FB9B27131939B43800A02565 /* Images.xcassets in Resources */ = {isa = PBXBuildFile; fileRef = FB9B27121939B43800A02565 /* Images.xcassets */; };
		FB9B271A1939B43800A02565 /* XCTest.framework in Frameworks */ = {isa = PBXBuildFile; fileRef = FB9B27191939B43800A02565 /* XCTest.framework */; };
		FB9B271B1939B43800A02565 /* Foundation.framework in Frameworks */ = {isa = PBXBuildFile; fileRef = FB9B26FA1939B43800A02565 /* Foundation.framework */; };
		FB9B271C1939B43800A02565 /* UIKit.framework in Frameworks */ = {isa = PBXBuildFile; fileRef = FB9B26FE1939B43800A02565 /* UIKit.framework */; };
		FB9B27241939B43800A02565 /* InfoPlist.strings in Resources */ = {isa = PBXBuildFile; fileRef = FB9B27221939B43800A02565 /* InfoPlist.strings */; };
		FB9B27261939B43800A02565 /* DianJinTests.m in Sources */ = {isa = PBXBuildFile; fileRef = FB9B27251939B43800A02565 /* DianJinTests.m */; };
		FB9B27321939BB0100A02565 /* BaseOperation.m in Sources */ = {isa = PBXBuildFile; fileRef = FB9B27311939BB0100A02565 /* BaseOperation.m */; };
/* End PBXBuildFile section */

/* Begin PBXContainerItemProxy section */
		FB9B271D1939B43800A02565 /* PBXContainerItemProxy */ = {
			isa = PBXContainerItemProxy;
			containerPortal = FB9B26EF1939B43800A02565 /* Project object */;
			proxyType = 1;
			remoteGlobalIDString = FB9B26F61939B43800A02565;
			remoteInfo = DianJin;
		};
/* End PBXContainerItemProxy section */

/* Begin PBXFileReference section */
		270BA583725144BB9BF2DC96 /* libPods-DianJin.a */ = {isa = PBXFileReference; explicitFileType = archive.ar; includeInIndex = 0; path = "libPods-DianJin.a"; sourceTree = BUILT_PRODUCTS_DIR; };
		8E8583988C5648C0BACDE7E5 /* Pods-DianJin.xcconfig */ = {isa = PBXFileReference; includeInIndex = 1; lastKnownFileType = text.xcconfig; name = "Pods-DianJin.xcconfig"; path = "Pods/Pods-DianJin.xcconfig"; sourceTree = "<group>"; };
		FB20A8A6195C0FF900129C07 /* GetShopsOperation.h */ = {isa = PBXFileReference; fileEncoding = 4; lastKnownFileType = sourcecode.c.h; path = GetShopsOperation.h; sourceTree = "<group>"; };
		FB20A8A7195C0FF900129C07 /* GetShopsOperation.m */ = {isa = PBXFileReference; fileEncoding = 4; lastKnownFileType = sourcecode.c.objc; path = GetShopsOperation.m; sourceTree = "<group>"; };
		FB20A8AD195C134900129C07 /* BaseResponse.h */ = {isa = PBXFileReference; fileEncoding = 4; lastKnownFileType = sourcecode.c.h; path = BaseResponse.h; sourceTree = "<group>"; };
		FB20A8AE195C134900129C07 /* BaseResponse.m */ = {isa = PBXFileReference; fileEncoding = 4; lastKnownFileType = sourcecode.c.objc; path = BaseResponse.m; sourceTree = "<group>"; };
		FB20A8B0195C14A300129C07 /* HomePageShops.h */ = {isa = PBXFileReference; fileEncoding = 4; lastKnownFileType = sourcecode.c.h; path = HomePageShops.h; sourceTree = "<group>"; };
		FB20A8B1195C14A300129C07 /* HomePageShops.m */ = {isa = PBXFileReference; fileEncoding = 4; lastKnownFileType = sourcecode.c.objc; path = HomePageShops.m; sourceTree = "<group>"; };
		FB20A8B3195C14C700129C07 /* Shop.h */ = {isa = PBXFileReference; fileEncoding = 4; lastKnownFileType = sourcecode.c.h; path = Shop.h; sourceTree = "<group>"; };
		FB20A8B4195C14C700129C07 /* Shop.m */ = {isa = PBXFileReference; fileEncoding = 4; lastKnownFileType = sourcecode.c.objc; path = Shop.m; sourceTree = "<group>"; };
		FB20A8B6195C17CF00129C07 /* DJOperation.h */ = {isa = PBXFileReference; fileEncoding = 4; lastKnownFileType = sourcecode.c.h; path = DJOperation.h; sourceTree = "<group>"; };
		FB20A8B7195C17CF00129C07 /* DJOperation.m */ = {isa = PBXFileReference; fileEncoding = 4; lastKnownFileType = sourcecode.c.objc; path = DJOperation.m; sourceTree = "<group>"; };
		FB20A8B9195C1A1B00129C07 /* JDJsonDecoder.h */ = {isa = PBXFileReference; fileEncoding = 4; lastKnownFileType = sourcecode.c.h; path = JDJsonDecoder.h; sourceTree = "<group>"; };
		FB20A8BA195C1A1B00129C07 /* JDJsonDecoder.m */ = {isa = PBXFileReference; fileEncoding = 4; lastKnownFileType = sourcecode.c.objc; path = JDJsonDecoder.m; sourceTree = "<group>"; };
		FB20A8C8195D5B7C00129C07 /* NSDictionary+QueryStringBuilder.h */ = {isa = PBXFileReference; fileEncoding = 4; lastKnownFileType = sourcecode.c.h; path = "NSDictionary+QueryStringBuilder.h"; sourceTree = "<group>"; };
		FB20A8C9195D5B7C00129C07 /* NSDictionary+QueryStringBuilder.m */ = {isa = PBXFileReference; fileEncoding = 4; lastKnownFileType = sourcecode.c.objc; path = "NSDictionary+QueryStringBuilder.m"; sourceTree = "<group>"; };
		FB20A8CB195D8A7200129C07 /* GetNearbyShopsOperation.h */ = {isa = PBXFileReference; fileEncoding = 4; lastKnownFileType = sourcecode.c.h; path = GetNearbyShopsOperation.h; sourceTree = "<group>"; };
		FB20A8CC195D8A7200129C07 /* GetNearbyShopsOperation.m */ = {isa = PBXFileReference; fileEncoding = 4; lastKnownFileType = sourcecode.c.objc; path = GetNearbyShopsOperation.m; sourceTree = "<group>"; };
		FB20A8CE195D8FB300129C07 /* NearbyShops.h */ = {isa = PBXFileReference; fileEncoding = 4; lastKnownFileType = sourcecode.c.h; path = NearbyShops.h; sourceTree = "<group>"; };
		FB20A8CF195D8FB300129C07 /* NearbyShops.m */ = {isa = PBXFileReference; fileEncoding = 4; lastKnownFileType = sourcecode.c.objc; path = NearbyShops.m; sourceTree = "<group>"; };
		FB20A8D1195E86E600129C07 /* Trade.h */ = {isa = PBXFileReference; fileEncoding = 4; lastKnownFileType = sourcecode.c.h; path = Trade.h; sourceTree = "<group>"; };
		FB20A8D2195E86E600129C07 /* Trade.m */ = {isa = PBXFileReference; fileEncoding = 4; lastKnownFileType = sourcecode.c.objc; path = Trade.m; sourceTree = "<group>"; };
		FB20A8D4195E875400129C07 /* AllTrades.h */ = {isa = PBXFileReference; fileEncoding = 4; lastKnownFileType = sourcecode.c.h; path = AllTrades.h; sourceTree = "<group>"; };
		FB20A8D5195E875400129C07 /* AllTrades.m */ = {isa = PBXFileReference; fileEncoding = 4; lastKnownFileType = sourcecode.c.objc; path = AllTrades.m; sourceTree = "<group>"; };
		FB20A8D7195E880C00129C07 /* GetAllTradesOperation.h */ = {isa = PBXFileReference; fileEncoding = 4; lastKnownFileType = sourcecode.c.h; path = GetAllTradesOperation.h; sourceTree = "<group>"; };
		FB20A8D8195E880C00129C07 /* GetAllTradesOperation.m */ = {isa = PBXFileReference; fileEncoding = 4; lastKnownFileType = sourcecode.c.objc; path = GetAllTradesOperation.m; sourceTree = "<group>"; };
		FB9B26F71939B43800A02565 /* DianJin.app */ = {isa = PBXFileReference; explicitFileType = wrapper.application; includeInIndex = 0; path = DianJin.app; sourceTree = BUILT_PRODUCTS_DIR; };
		FB9B26FA1939B43800A02565 /* Foundation.framework */ = {isa = PBXFileReference; lastKnownFileType = wrapper.framework; name = Foundation.framework; path = System/Library/Frameworks/Foundation.framework; sourceTree = SDKROOT; };
		FB9B26FC1939B43800A02565 /* CoreGraphics.framework */ = {isa = PBXFileReference; lastKnownFileType = wrapper.framework; name = CoreGraphics.framework; path = System/Library/Frameworks/CoreGraphics.framework; sourceTree = SDKROOT; };
		FB9B26FE1939B43800A02565 /* UIKit.framework */ = {isa = PBXFileReference; lastKnownFileType = wrapper.framework; name = UIKit.framework; path = System/Library/Frameworks/UIKit.framework; sourceTree = SDKROOT; };
		FB9B27021939B43800A02565 /* DianJin-Info.plist */ = {isa = PBXFileReference; lastKnownFileType = text.plist.xml; path = "DianJin-Info.plist"; sourceTree = "<group>"; };
		FB9B27041939B43800A02565 /* en */ = {isa = PBXFileReference; lastKnownFileType = text.plist.strings; name = en; path = en.lproj/InfoPlist.strings; sourceTree = "<group>"; };
		FB9B27061939B43800A02565 /* main.m */ = {isa = PBXFileReference; lastKnownFileType = sourcecode.c.objc; path = main.m; sourceTree = "<group>"; };
		FB9B27081939B43800A02565 /* DianJin-Prefix.pch */ = {isa = PBXFileReference; lastKnownFileType = sourcecode.c.h; path = "DianJin-Prefix.pch"; sourceTree = "<group>"; };
		FB9B27091939B43800A02565 /* AppDelegate.h */ = {isa = PBXFileReference; lastKnownFileType = sourcecode.c.h; path = AppDelegate.h; sourceTree = "<group>"; };
		FB9B270A1939B43800A02565 /* AppDelegate.m */ = {isa = PBXFileReference; lastKnownFileType = sourcecode.c.objc; path = AppDelegate.m; sourceTree = "<group>"; };
		FB9B270D1939B43800A02565 /* Base */ = {isa = PBXFileReference; lastKnownFileType = file.storyboard; name = Base; path = Base.lproj/Main.storyboard; sourceTree = "<group>"; };
		FB9B270F1939B43800A02565 /* ViewController.h */ = {isa = PBXFileReference; lastKnownFileType = sourcecode.c.h; path = ViewController.h; sourceTree = "<group>"; };
		FB9B27101939B43800A02565 /* ViewController.m */ = {isa = PBXFileReference; lastKnownFileType = sourcecode.c.objc; path = ViewController.m; sourceTree = "<group>"; };
		FB9B27121939B43800A02565 /* Images.xcassets */ = {isa = PBXFileReference; lastKnownFileType = folder.assetcatalog; path = Images.xcassets; sourceTree = "<group>"; };
		FB9B27181939B43800A02565 /* DianJinTests.xctest */ = {isa = PBXFileReference; explicitFileType = wrapper.cfbundle; includeInIndex = 0; path = DianJinTests.xctest; sourceTree = BUILT_PRODUCTS_DIR; };
		FB9B27191939B43800A02565 /* XCTest.framework */ = {isa = PBXFileReference; lastKnownFileType = wrapper.framework; name = XCTest.framework; path = Library/Frameworks/XCTest.framework; sourceTree = DEVELOPER_DIR; };
		FB9B27211939B43800A02565 /* DianJinTests-Info.plist */ = {isa = PBXFileReference; lastKnownFileType = text.plist.xml; path = "DianJinTests-Info.plist"; sourceTree = "<group>"; };
		FB9B27231939B43800A02565 /* en */ = {isa = PBXFileReference; lastKnownFileType = text.plist.strings; name = en; path = en.lproj/InfoPlist.strings; sourceTree = "<group>"; };
		FB9B27251939B43800A02565 /* DianJinTests.m */ = {isa = PBXFileReference; lastKnownFileType = sourcecode.c.objc; path = DianJinTests.m; sourceTree = "<group>"; };
		FB9B27301939BB0100A02565 /* BaseOperation.h */ = {isa = PBXFileReference; fileEncoding = 4; lastKnownFileType = sourcecode.c.h; path = BaseOperation.h; sourceTree = "<group>"; };
		FB9B27311939BB0100A02565 /* BaseOperation.m */ = {isa = PBXFileReference; fileEncoding = 4; lastKnownFileType = sourcecode.c.objc; path = BaseOperation.m; sourceTree = "<group>"; };
/* End PBXFileReference section */

/* Begin PBXFrameworksBuildPhase section */
		FB9B26F41939B43800A02565 /* Frameworks */ = {
			isa = PBXFrameworksBuildPhase;
			buildActionMask = 2147483647;
			files = (
				FB9B26FD1939B43800A02565 /* CoreGraphics.framework in Frameworks */,
				FB9B26FF1939B43800A02565 /* UIKit.framework in Frameworks */,
				FB9B26FB1939B43800A02565 /* Foundation.framework in Frameworks */,
				5B477B1166D14E60952156B1 /* libPods-DianJin.a in Frameworks */,
			);
			runOnlyForDeploymentPostprocessing = 0;
		};
		FB9B27151939B43800A02565 /* Frameworks */ = {
			isa = PBXFrameworksBuildPhase;
			buildActionMask = 2147483647;
			files = (
				FB9B271A1939B43800A02565 /* XCTest.framework in Frameworks */,
				FB9B271C1939B43800A02565 /* UIKit.framework in Frameworks */,
				FB9B271B1939B43800A02565 /* Foundation.framework in Frameworks */,
			);
			runOnlyForDeploymentPostprocessing = 0;
		};
/* End PBXFrameworksBuildPhase section */

/* Begin PBXGroup section */
		FB20A8AC195C132900129C07 /* model */ = {
			isa = PBXGroup;
			children = (
				FB20A8AD195C134900129C07 /* BaseResponse.h */,
				FB20A8AE195C134900129C07 /* BaseResponse.m */,
				FB20A8B3195C14C700129C07 /* Shop.h */,
				FB20A8B4195C14C700129C07 /* Shop.m */,
				FB20A8D1195E86E600129C07 /* Trade.h */,
				FB20A8D2195E86E600129C07 /* Trade.m */,
				FB20A8B0195C14A300129C07 /* HomePageShops.h */,
				FB20A8B1195C14A300129C07 /* HomePageShops.m */,
				FB20A8D4195E875400129C07 /* AllTrades.h */,
				FB20A8D5195E875400129C07 /* AllTrades.m */,
				FB20A8CE195D8FB300129C07 /* NearbyShops.h */,
				FB20A8CF195D8FB300129C07 /* NearbyShops.m */,
			);
			name = model;
			sourceTree = "<group>";
		};
		FB20A8BC195C1A2100129C07 /* JDJsonDecoder */ = {
			isa = PBXGroup;
			children = (
				FB20A8B9195C1A1B00129C07 /* JDJsonDecoder.h */,
				FB20A8BA195C1A1B00129C07 /* JDJsonDecoder.m */,
			);
			name = JDJsonDecoder;
			sourceTree = "<group>";
		};
		FB20A8BD195C1A3100129C07 /* Libs */ = {
			isa = PBXGroup;
			children = (
				FB20A8BE195D512900129C07 /* QueryStringBuilder */,
				FB20A8BC195C1A2100129C07 /* JDJsonDecoder */,
			);
			name = Libs;
			sourceTree = "<group>";
		};
		FB20A8BE195D512900129C07 /* QueryStringBuilder */ = {
			isa = PBXGroup;
			children = (
				FB20A8C8195D5B7C00129C07 /* NSDictionary+QueryStringBuilder.h */,
				FB20A8C9195D5B7C00129C07 /* NSDictionary+QueryStringBuilder.m */,
			);
			name = QueryStringBuilder;
			sourceTree = "<group>";
		};
		FB9B26EE1939B43800A02565 = {
			isa = PBXGroup;
			children = (
				FB9B27001939B43800A02565 /* DianJin */,
				FB9B271F1939B43800A02565 /* DianJinTests */,
				FB9B26F91939B43800A02565 /* Frameworks */,
				FB9B26F81939B43800A02565 /* Products */,
				8E8583988C5648C0BACDE7E5 /* Pods-DianJin.xcconfig */,
			);
			sourceTree = "<group>";
		};
		FB9B26F81939B43800A02565 /* Products */ = {
			isa = PBXGroup;
			children = (
				FB9B26F71939B43800A02565 /* DianJin.app */,
				FB9B27181939B43800A02565 /* DianJinTests.xctest */,
			);
			name = Products;
			sourceTree = "<group>";
		};
		FB9B26F91939B43800A02565 /* Frameworks */ = {
			isa = PBXGroup;
			children = (
				FB9B26FA1939B43800A02565 /* Foundation.framework */,
				FB9B26FC1939B43800A02565 /* CoreGraphics.framework */,
				FB9B26FE1939B43800A02565 /* UIKit.framework */,
				FB9B27191939B43800A02565 /* XCTest.framework */,
				270BA583725144BB9BF2DC96 /* libPods-DianJin.a */,
			);
			name = Frameworks;
			sourceTree = "<group>";
		};
		FB9B27001939B43800A02565 /* DianJin */ = {
			isa = PBXGroup;
			children = (
				FB20A8BD195C1A3100129C07 /* Libs */,
				FB20A8AC195C132900129C07 /* model */,
				FB9B272F1939BACF00A02565 /* Operation */,
				FB9B27091939B43800A02565 /* AppDelegate.h */,
				FB9B270A1939B43800A02565 /* AppDelegate.m */,
				FB9B270C1939B43800A02565 /* Main.storyboard */,
				FB9B270F1939B43800A02565 /* ViewController.h */,
				FB9B27101939B43800A02565 /* ViewController.m */,
				FB9B27121939B43800A02565 /* Images.xcassets */,
				FB9B27011939B43800A02565 /* Supporting Files */,
			);
			path = DianJin;
			sourceTree = "<group>";
		};
		FB9B27011939B43800A02565 /* Supporting Files */ = {
			isa = PBXGroup;
			children = (
				FB9B27021939B43800A02565 /* DianJin-Info.plist */,
				FB9B27031939B43800A02565 /* InfoPlist.strings */,
				FB9B27061939B43800A02565 /* main.m */,
				FB9B27081939B43800A02565 /* DianJin-Prefix.pch */,
			);
			name = "Supporting Files";
			sourceTree = "<group>";
		};
		FB9B271F1939B43800A02565 /* DianJinTests */ = {
			isa = PBXGroup;
			children = (
				FB9B27251939B43800A02565 /* DianJinTests.m */,
				FB9B27201939B43800A02565 /* Supporting Files */,
			);
			path = DianJinTests;
			sourceTree = "<group>";
		};
		FB9B27201939B43800A02565 /* Supporting Files */ = {
			isa = PBXGroup;
			children = (
				FB9B27211939B43800A02565 /* DianJinTests-Info.plist */,
				FB9B27221939B43800A02565 /* InfoPlist.strings */,
			);
			name = "Supporting Files";
			sourceTree = "<group>";
		};
		FB9B272F1939BACF00A02565 /* Operation */ = {
			isa = PBXGroup;
			children = (
				FB9B27301939BB0100A02565 /* BaseOperation.h */,
				FB9B27311939BB0100A02565 /* BaseOperation.m */,
				FB20A8B6195C17CF00129C07 /* DJOperation.h */,
				FB20A8B7195C17CF00129C07 /* DJOperation.m */,
				FB20A8A6195C0FF900129C07 /* GetShopsOperation.h */,
				FB20A8A7195C0FF900129C07 /* GetShopsOperation.m */,
				FB20A8CB195D8A7200129C07 /* GetNearbyShopsOperation.h */,
				FB20A8CC195D8A7200129C07 /* GetNearbyShopsOperation.m */,
				FB20A8D7195E880C00129C07 /* GetAllTradesOperation.h */,
				FB20A8D8195E880C00129C07 /* GetAllTradesOperation.m */,
			);
			name = Operation;
			sourceTree = "<group>";
		};
/* End PBXGroup section */

/* Begin PBXNativeTarget section */
		FB9B26F61939B43800A02565 /* DianJin */ = {
			isa = PBXNativeTarget;
			buildConfigurationList = FB9B27291939B43800A02565 /* Build configuration list for PBXNativeTarget "DianJin" */;
			buildPhases = (
				0338C1315C63418EB7CE179A /* Check Pods Manifest.lock */,
				FB9B26F31939B43800A02565 /* Sources */,
				FB9B26F41939B43800A02565 /* Frameworks */,
				FB9B26F51939B43800A02565 /* Resources */,
				32FF5B14A7DD48E086922F52 /* Copy Pods Resources */,
			);
			buildRules = (
			);
			dependencies = (
			);
			name = DianJin;
			productName = DianJin;
			productReference = FB9B26F71939B43800A02565 /* DianJin.app */;
			productType = "com.apple.product-type.application";
		};
		FB9B27171939B43800A02565 /* DianJinTests */ = {
			isa = PBXNativeTarget;
			buildConfigurationList = FB9B272C1939B43800A02565 /* Build configuration list for PBXNativeTarget "DianJinTests" */;
			buildPhases = (
				FB9B27141939B43800A02565 /* Sources */,
				FB9B27151939B43800A02565 /* Frameworks */,
				FB9B27161939B43800A02565 /* Resources */,
			);
			buildRules = (
			);
			dependencies = (
				FB9B271E1939B43800A02565 /* PBXTargetDependency */,
			);
			name = DianJinTests;
			productName = DianJinTests;
			productReference = FB9B27181939B43800A02565 /* DianJinTests.xctest */;
			productType = "com.apple.product-type.bundle.unit-test";
		};
/* End PBXNativeTarget section */

/* Begin PBXProject section */
		FB9B26EF1939B43800A02565 /* Project object */ = {
			isa = PBXProject;
			attributes = {
				LastUpgradeCheck = 0510;
				ORGANIZATIONNAME = DianJinTec;
				TargetAttributes = {
					FB9B27171939B43800A02565 = {
						TestTargetID = FB9B26F61939B43800A02565;
					};
				};
			};
			buildConfigurationList = FB9B26F21939B43800A02565 /* Build configuration list for PBXProject "DianJin" */;
			compatibilityVersion = "Xcode 3.2";
			developmentRegion = English;
			hasScannedForEncodings = 0;
			knownRegions = (
				en,
				Base,
			);
			mainGroup = FB9B26EE1939B43800A02565;
			productRefGroup = FB9B26F81939B43800A02565 /* Products */;
			projectDirPath = "";
			projectRoot = "";
			targets = (
				FB9B26F61939B43800A02565 /* DianJin */,
				FB9B27171939B43800A02565 /* DianJinTests */,
			);
		};
/* End PBXProject section */

/* Begin PBXResourcesBuildPhase section */
		FB9B26F51939B43800A02565 /* Resources */ = {
			isa = PBXResourcesBuildPhase;
			buildActionMask = 2147483647;
			files = (
				FB9B27131939B43800A02565 /* Images.xcassets in Resources */,
				FB9B27051939B43800A02565 /* InfoPlist.strings in Resources */,
				FB9B270E1939B43800A02565 /* Main.storyboard in Resources */,
			);
			runOnlyForDeploymentPostprocessing = 0;
		};
		FB9B27161939B43800A02565 /* Resources */ = {
			isa = PBXResourcesBuildPhase;
			buildActionMask = 2147483647;
			files = (
				FB9B27241939B43800A02565 /* InfoPlist.strings in Resources */,
			);
			runOnlyForDeploymentPostprocessing = 0;
		};
/* End PBXResourcesBuildPhase section */

/* Begin PBXShellScriptBuildPhase section */
		0338C1315C63418EB7CE179A /* Check Pods Manifest.lock */ = {
			isa = PBXShellScriptBuildPhase;
			buildActionMask = 2147483647;
			files = (
			);
			inputPaths = (
			);
			name = "Check Pods Manifest.lock";
			outputPaths = (
			);
			runOnlyForDeploymentPostprocessing = 0;
			shellPath = /bin/sh;
			shellScript = "diff \"${PODS_ROOT}/../Podfile.lock\" \"${PODS_ROOT}/Manifest.lock\" > /dev/null\nif [[ $? != 0 ]] ; then\n    cat << EOM\nerror: The sandbox is not in sync with the Podfile.lock. Run 'pod install' or update your CocoaPods installation.\nEOM\n    exit 1\nfi\n";
			showEnvVarsInLog = 0;
		};
		32FF5B14A7DD48E086922F52 /* Copy Pods Resources */ = {
			isa = PBXShellScriptBuildPhase;
			buildActionMask = 2147483647;
			files = (
			);
			inputPaths = (
			);
			name = "Copy Pods Resources";
			outputPaths = (
			);
			runOnlyForDeploymentPostprocessing = 0;
			shellPath = /bin/sh;
			shellScript = "\"${SRCROOT}/Pods/Pods-DianJin-resources.sh\"\n";
			showEnvVarsInLog = 0;
		};
/* End PBXShellScriptBuildPhase section */

/* Begin PBXSourcesBuildPhase section */
		FB9B26F31939B43800A02565 /* Sources */ = {
			isa = PBXSourcesBuildPhase;
			buildActionMask = 2147483647;
			files = (
				FB20A8D0195D8FB300129C07 /* NearbyShops.m in Sources */,
				FB20A8B2195C14A300129C07 /* HomePageShops.m in Sources */,
				FB20A8D3195E86E600129C07 /* Trade.m in Sources */,
				FB9B27111939B43800A02565 /* ViewController.m in Sources */,
				FB20A8CA195D5B7C00129C07 /* NSDictionary+QueryStringBuilder.m in Sources */,
				FB20A8CD195D8A7200129C07 /* GetNearbyShopsOperation.m in Sources */,
				FB20A8AF195C134900129C07 /* BaseResponse.m in Sources */,
				FB20A8B5195C14C700129C07 /* Shop.m in Sources */,
				FB20A8B8195C17CF00129C07 /* DJOperation.m in Sources */,
				FB20A8A8195C0FF900129C07 /* GetShopsOperation.m in Sources */,
				FB9B270B1939B43800A02565 /* AppDelegate.m in Sources */,
				FB9B27321939BB0100A02565 /* BaseOperation.m in Sources */,
				FB20A8D6195E875400129C07 /* AllTrades.m in Sources */,
				FB20A8BB195C1A1B00129C07 /* JDJsonDecoder.m in Sources */,
				FB9B27071939B43800A02565 /* main.m in Sources */,
				FB20A8D9195E880C00129C07 /* GetAllTradesOperation.m in Sources */,
			);
			runOnlyForDeploymentPostprocessing = 0;
		};
		FB9B27141939B43800A02565 /* Sources */ = {
			isa = PBXSourcesBuildPhase;
			buildActionMask = 2147483647;
			files = (
				FB9B27261939B43800A02565 /* DianJinTests.m in Sources */,
			);
			runOnlyForDeploymentPostprocessing = 0;
		};
/* End PBXSourcesBuildPhase section */

/* Begin PBXTargetDependency section */
		FB9B271E1939B43800A02565 /* PBXTargetDependency */ = {
			isa = PBXTargetDependency;
			target = FB9B26F61939B43800A02565 /* DianJin */;
			targetProxy = FB9B271D1939B43800A02565 /* PBXContainerItemProxy */;
		};
/* End PBXTargetDependency section */

/* Begin PBXVariantGroup section */
		FB9B27031939B43800A02565 /* InfoPlist.strings */ = {
			isa = PBXVariantGroup;
			children = (
				FB9B27041939B43800A02565 /* en */,
			);
			name = InfoPlist.strings;
			sourceTree = "<group>";
		};
		FB9B270C1939B43800A02565 /* Main.storyboard */ = {
			isa = PBXVariantGroup;
			children = (
				FB9B270D1939B43800A02565 /* Base */,
			);
			name = Main.storyboard;
			sourceTree = "<group>";
		};
		FB9B27221939B43800A02565 /* InfoPlist.strings */ = {
			isa = PBXVariantGroup;
			children = (
				FB9B27231939B43800A02565 /* en */,
			);
			name = InfoPlist.strings;
			sourceTree = "<group>";
		};
/* End PBXVariantGroup section */

/* Begin XCBuildConfiguration section */
		FB9B27271939B43800A02565 /* Debug */ = {
			isa = XCBuildConfiguration;
			buildSettings = {
				ALWAYS_SEARCH_USER_PATHS = NO;
				CLANG_CXX_LANGUAGE_STANDARD = "gnu++0x";
				CLANG_CXX_LIBRARY = "libc++";
				CLANG_ENABLE_MODULES = YES;
				CLANG_ENABLE_OBJC_ARC = YES;
				CLANG_WARN_BOOL_CONVERSION = YES;
				CLANG_WARN_CONSTANT_CONVERSION = YES;
				CLANG_WARN_DIRECT_OBJC_ISA_USAGE = YES_ERROR;
				CLANG_WARN_EMPTY_BODY = YES;
				CLANG_WARN_ENUM_CONVERSION = YES;
				CLANG_WARN_INT_CONVERSION = YES;
				CLANG_WARN_OBJC_ROOT_CLASS = YES_ERROR;
				CLANG_WARN__DUPLICATE_METHOD_MATCH = YES;
				"CODE_SIGN_IDENTITY[sdk=iphoneos*]" = "iPhone Developer";
				COPY_PHASE_STRIP = NO;
				GCC_C_LANGUAGE_STANDARD = gnu99;
				GCC_DYNAMIC_NO_PIC = NO;
				GCC_OPTIMIZATION_LEVEL = 0;
				GCC_PREPROCESSOR_DEFINITIONS = (
					"DEBUG=1",
					"$(inherited)",
				);
				GCC_SYMBOLS_PRIVATE_EXTERN = NO;
				GCC_WARN_64_TO_32_BIT_CONVERSION = YES;
				GCC_WARN_ABOUT_RETURN_TYPE = YES_ERROR;
				GCC_WARN_UNDECLARED_SELECTOR = YES;
				GCC_WARN_UNINITIALIZED_AUTOS = YES_AGGRESSIVE;
				GCC_WARN_UNUSED_FUNCTION = YES;
				GCC_WARN_UNUSED_VARIABLE = YES;
				IPHONEOS_DEPLOYMENT_TARGET = 7.1;
				ONLY_ACTIVE_ARCH = YES;
				SDKROOT = iphoneos;
				TARGETED_DEVICE_FAMILY = 2;
			};
			name = Debug;
		};
		FB9B27281939B43800A02565 /* Release */ = {
			isa = XCBuildConfiguration;
			buildSettings = {
				ALWAYS_SEARCH_USER_PATHS = NO;
				CLANG_CXX_LANGUAGE_STANDARD = "gnu++0x";
				CLANG_CXX_LIBRARY = "libc++";
				CLANG_ENABLE_MODULES = YES;
				CLANG_ENABLE_OBJC_ARC = YES;
				CLANG_WARN_BOOL_CONVERSION = YES;
				CLANG_WARN_CONSTANT_CONVERSION = YES;
				CLANG_WARN_DIRECT_OBJC_ISA_USAGE = YES_ERROR;
				CLANG_WARN_EMPTY_BODY = YES;
				CLANG_WARN_ENUM_CONVERSION = YES;
				CLANG_WARN_INT_CONVERSION = YES;
				CLANG_WARN_OBJC_ROOT_CLASS = YES_ERROR;
				CLANG_WARN__DUPLICATE_METHOD_MATCH = YES;
				"CODE_SIGN_IDENTITY[sdk=iphoneos*]" = "iPhone Developer";
				COPY_PHASE_STRIP = YES;
				ENABLE_NS_ASSERTIONS = NO;
				GCC_C_LANGUAGE_STANDARD = gnu99;
				GCC_WARN_64_TO_32_BIT_CONVERSION = YES;
				GCC_WARN_ABOUT_RETURN_TYPE = YES_ERROR;
				GCC_WARN_UNDECLARED_SELECTOR = YES;
				GCC_WARN_UNINITIALIZED_AUTOS = YES_AGGRESSIVE;
				GCC_WARN_UNUSED_FUNCTION = YES;
				GCC_WARN_UNUSED_VARIABLE = YES;
				IPHONEOS_DEPLOYMENT_TARGET = 7.1;
				SDKROOT = iphoneos;
				TARGETED_DEVICE_FAMILY = 2;
				VALIDATE_PRODUCT = YES;
			};
			name = Release;
		};
		FB9B272A1939B43800A02565 /* Debug */ = {
			isa = XCBuildConfiguration;
			baseConfigurationReference = 8E8583988C5648C0BACDE7E5 /* Pods-DianJin.xcconfig */;
			buildSettings = {
				ASSETCATALOG_COMPILER_APPICON_NAME = AppIcon;
				ASSETCATALOG_COMPILER_LAUNCHIMAGE_NAME = LaunchImage;
				GCC_PRECOMPILE_PREFIX_HEADER = YES;
				GCC_PREFIX_HEADER = "DianJin/DianJin-Prefix.pch";
				INFOPLIST_FILE = "DianJin/DianJin-Info.plist";
				PRODUCT_NAME = "$(TARGET_NAME)";
				"USER_HEADER_SEARCH_PATHS[arch=*]" = "";
				WRAPPER_EXTENSION = app;
			};
			name = Debug;
		};
		FB9B272B1939B43800A02565 /* Release */ = {
			isa = XCBuildConfiguration;
			baseConfigurationReference = 8E8583988C5648C0BACDE7E5 /* Pods-DianJin.xcconfig */;
			buildSettings = {
				ASSETCATALOG_COMPILER_APPICON_NAME = AppIcon;
				ASSETCATALOG_COMPILER_LAUNCHIMAGE_NAME = LaunchImage;
				GCC_PRECOMPILE_PREFIX_HEADER = YES;
				GCC_PREFIX_HEADER = "DianJin/DianJin-Prefix.pch";
				INFOPLIST_FILE = "DianJin/DianJin-Info.plist";
				PRODUCT_NAME = "$(TARGET_NAME)";
				"USER_HEADER_SEARCH_PATHS[arch=*]" = "";
				WRAPPER_EXTENSION = app;
			};
			name = Release;
		};
		FB9B272D1939B43800A02565 /* Debug */ = {
			isa = XCBuildConfiguration;
			buildSettings = {
				BUNDLE_LOADER = "$(BUILT_PRODUCTS_DIR)/DianJin.app/DianJin";
				FRAMEWORK_SEARCH_PATHS = (
					"$(SDKROOT)/Developer/Library/Frameworks",
					"$(inherited)",
					"$(DEVELOPER_FRAMEWORKS_DIR)",
				);
				GCC_PRECOMPILE_PREFIX_HEADER = YES;
				GCC_PREFIX_HEADER = "DianJin/DianJin-Prefix.pch";
				GCC_PREPROCESSOR_DEFINITIONS = (
					"DEBUG=1",
					"$(inherited)",
				);
				INFOPLIST_FILE = "DianJinTests/DianJinTests-Info.plist";
				PRODUCT_NAME = "$(TARGET_NAME)";
				TEST_HOST = "$(BUNDLE_LOADER)";
				WRAPPER_EXTENSION = xctest;
			};
			name = Debug;
		};
		FB9B272E1939B43800A02565 /* Release */ = {
			isa = XCBuildConfiguration;
			buildSettings = {
				BUNDLE_LOADER = "$(BUILT_PRODUCTS_DIR)/DianJin.app/DianJin";
				FRAMEWORK_SEARCH_PATHS = (
					"$(SDKROOT)/Developer/Library/Frameworks",
					"$(inherited)",
					"$(DEVELOPER_FRAMEWORKS_DIR)",
				);
				GCC_PRECOMPILE_PREFIX_HEADER = YES;
				GCC_PREFIX_HEADER = "DianJin/DianJin-Prefix.pch";
				INFOPLIST_FILE = "DianJinTests/DianJinTests-Info.plist";
				PRODUCT_NAME = "$(TARGET_NAME)";
				TEST_HOST = "$(BUNDLE_LOADER)";
				WRAPPER_EXTENSION = xctest;
			};
			name = Release;
		};
/* End XCBuildConfiguration section */

/* Begin XCConfigurationList section */
		FB9B26F21939B43800A02565 /* Build configuration list for PBXProject "DianJin" */ = {
			isa = XCConfigurationList;
			buildConfigurations = (
				FB9B27271939B43800A02565 /* Debug */,
				FB9B27281939B43800A02565 /* Release */,
			);
			defaultConfigurationIsVisible = 0;
			defaultConfigurationName = Release;
		};
		FB9B27291939B43800A02565 /* Build configuration list for PBXNativeTarget "DianJin" */ = {
			isa = XCConfigurationList;
			buildConfigurations = (
				FB9B272A1939B43800A02565 /* Debug */,
				FB9B272B1939B43800A02565 /* Release */,
			);
			defaultConfigurationIsVisible = 0;
			defaultConfigurationName = Release;
		};
		FB9B272C1939B43800A02565 /* Build configuration list for PBXNativeTarget "DianJinTests" */ = {
			isa = XCConfigurationList;
			buildConfigurations = (
				FB9B272D1939B43800A02565 /* Debug */,
				FB9B272E1939B43800A02565 /* Release */,
			);
			defaultConfigurationIsVisible = 0;
			defaultConfigurationName = Release;
		};
/* End XCConfigurationList section */
	};
	rootObject = FB9B26EF1939B43800A02565 /* Project object */;
}
